{
  "name": "pacific-base-ig",
  "version": "1.0.0",
  "lockfileVersion": 3,
  "requires": true,
  "packages": {
    "": {
      "name": "pacific-base-ig",
      "version": "1.0.0",
      "license": "MIT",
      "dependencies": {
        "hl7.fhir.r4b.core": "4.3.0"
      }
    },
    "node_modules/hl7.fhir.r4b.core": {
      "version": "4.3.0",
      "resolved": "https://registry.npmjs.org/hl7.fhir.r4b.core/-/hl7.fhir.r4b.core-4.3.0.tgz",
      "integrity": "sha512-2Xa3QB5PQxNchsA8chSq3OLMHJf55iEc44bZCFaRarX6Leo8qjeTXSq4RNSMpvKtfG4u7CkWpEmlQtb0rwLWFw==",
      "license": "CC0-1.0"
    }
  }
}
